// !$*UTF8*$!
{
	archiveVersion = 1;
	classes = {
	};
	objectVersion = 56;
	objects = {

/* Begin PBXBuildFile section */
		18D884D32C4BF4E700BAAD45 /* AppDelegate.swift in Sources */ = {isa = PBXBuildFile; fileRef = 18D884D22C4BF4E700BAAD45 /* AppDelegate.swift */; };
		18D884D52C4BF4E700BAAD45 /* SceneDelegate.swift in Sources */ = {isa = PBXBuildFile; fileRef = 18D884D42C4BF4E700BAAD45 /* SceneDelegate.swift */; };
		18D884D72C4BF4E700BAAD45 /* ViewController.swift in Sources */ = {isa = PBXBuildFile; fileRef = 18D884D62C4BF4E700BAAD45 /* ViewController.swift */; };
		18D884DA2C4BF4E700BAAD45 /* Main.storyboard in Resources */ = {isa = PBXBuildFile; fileRef = 18D884D82C4BF4E700BAAD45 /* Main.storyboard */; };
		18D884DD2C4BF4E700BAAD45 /* myAPI.xcdatamodeld in Sources */ = {isa = PBXBuildFile; fileRef = 18D884DB2C4BF4E700BAAD45 /* myAPI.xcdatamodeld */; };
		18D884DF2C4BF4E900BAAD45 /* Assets.xcassets in Resources */ = {isa = PBXBuildFile; fileRef = 18D884DE2C4BF4E900BAAD45 /* Assets.xcassets */; };
		18D884E22C4BF4E900BAAD45 /* LaunchScreen.storyboard in Resources */ = {isa = PBXBuildFile; fileRef = 18D884E02C4BF4E900BAAD45 /* LaunchScreen.storyboard */; };
		18D884ED2C4BF4EA00BAAD45 /* myAPITests.swift in Sources */ = {isa = PBXBuildFile; fileRef = 18D884EC2C4BF4EA00BAAD45 /* myAPITests.swift */; };
		18D884F72C4BF4EA00BAAD45 /* myAPIUITests.swift in Sources */ = {isa = PBXBuildFile; fileRef = 18D884F62C4BF4EA00BAAD45 /* myAPIUITests.swift */; };
		18D884F92C4BF4EA00BAAD45 /* myAPIUITestsLaunchTests.swift in Sources */ = {isa = PBXBuildFile; fileRef = 18D884F82C4BF4EA00BAAD45 /* myAPIUITestsLaunchTests.swift */; };
		18D885062C4C0B3200BAAD45 /* SecondViewController.swift in Sources */ = {isa = PBXBuildFile; fileRef = 18D885052C4C0B3200BAAD45 /* SecondViewController.swift */; };
		18D885082C4CE68A00BAAD45 /* ModalFile.swift in Sources */ = {isa = PBXBuildFile; fileRef = 18D885072C4CE68A00BAAD45 /* ModalFile.swift */; };
/* End PBXBuildFile section */

/* Begin PBXContainerItemProxy section */
		18D884E92C4BF4EA00BAAD45 /* PBXContainerItemProxy */ = {
			isa = PBXContainerItemProxy;
			containerPortal = 18D884C72C4BF4E700BAAD45 /* Project object */;
			proxyType = 1;
			remoteGlobalIDString = 18D884CE2C4BF4E700BAAD45;
			remoteInfo = myAPI;
		};
		18D884F32C4BF4EA00BAAD45 /* PBXContainerItemProxy */ = {
			isa = PBXContainerItemProxy;
			containerPortal = 18D884C72C4BF4E700BAAD45 /* Project object */;
			proxyType = 1;
			remoteGlobalIDString = 18D884CE2C4BF4E700BAAD45;
			remoteInfo = myAPI;
		};
/* End PBXContainerItemProxy section */

/* Begin PBXFileReference section */
		18D884CF2C4BF4E700BAAD45 /* myAPI.app */ = {isa = PBXFileReference; explicitFileType = wrapper.application; includeInIndex = 0; path = myAPI.app; sourceTree = BUILT_PRODUCTS_DIR; };
		18D884D22C4BF4E700BAAD45 /* AppDelegate.swift */ = {isa = PBXFileReference; lastKnownFileType = sourcecode.swift; path = AppDelegate.swift; sourceTree = "<group>"; };
		18D884D42C4BF4E700BAAD45 /* SceneDelegate.swift */ = {isa = PBXFileReference; lastKnownFileType = sourcecode.swift; path = SceneDelegate.swift; sourceTree = "<group>"; };
		18D884D62C4BF4E700BAAD45 /* ViewController.swift */ = {isa = PBXFileReference; lastKnownFileType = sourcecode.swift; path = ViewController.swift; sourceTree = "<group>"; };
		18D884D92C4BF4E700BAAD45 /* Base */ = {isa = PBXFileReference; lastKnownFileType = file.storyboard; name = Base; path = Base.lproj/Main.storyboard; sourceTree = "<group>"; };
		18D884DC2C4BF4E700BAAD45 /* myAPI.xcdatamodel */ = {isa = PBXFileReference; lastKnownFileType = wrapper.xcdatamodel; path = myAPI.xcdatamodel; sourceTree = "<group>"; };
		18D884DE2C4BF4E900BAAD45 /* Assets.xcassets */ = {isa = PBXFileReference; lastKnownFileType = folder.assetcatalog; path = Assets.xcassets; sourceTree = "<group>"; };
		18D884E12C4BF4E900BAAD45 /* Base */ = {isa = PBXFileReference; lastKnownFileType = file.storyboard; name = Base; path = Base.lproj/LaunchScreen.storyboard; sourceTree = "<group>"; };
		18D884E32C4BF4E900BAAD45 /* Info.plist */ = {isa = PBXFileReference; lastKnownFileType = text.plist.xml; path = Info.plist; sourceTree = "<group>"; };
		18D884E82C4BF4EA00BAAD45 /* myAPITests.xctest */ = {isa = PBXFileReference; explicitFileType = wrapper.cfbundle; includeInIndex = 0; path = myAPITests.xctest; sourceTree = BUILT_PRODUCTS_DIR; };
		18D884EC2C4BF4EA00BAAD45 /* myAPITests.swift */ = {isa = PBXFileReference; lastKnownFileType = sourcecode.swift; path = myAPITests.swift; sourceTree = "<group>"; };
		18D884F22C4BF4EA00BAAD45 /* myAPIUITests.xctest */ = {isa = PBXFileReference; explicitFileType = wrapper.cfbundle; includeInIndex = 0; path = myAPIUITests.xctest; sourceTree = BUILT_PRODUCTS_DIR; };
		18D884F62C4BF4EA00BAAD45 /* myAPIUITests.swift */ = {isa = PBXFileReference; lastKnownFileType = sourcecode.swift; path = myAPIUITests.swift; sourceTree = "<group>"; };
		18D884F82C4BF4EA00BAAD45 /* myAPIUITestsLaunchTests.swift */ = {isa = PBXFileReference; lastKnownFileType = sourcecode.swift; path = myAPIUITestsLaunchTests.swift; sourceTree = "<group>"; };
		18D885052C4C0B3200BAAD45 /* SecondViewController.swift */ = {isa = PBXFileReference; lastKnownFileType = sourcecode.swift; path = SecondViewController.swift; sourceTree = "<group>"; };
		18D885072C4CE68A00BAAD45 /* ModalFile.swift */ = {isa = PBXFileReference; lastKnownFileType = sourcecode.swift; path = ModalFile.swift; sourceTree = "<group>"; };
/* End PBXFileReference section */

/* Begin PBXFrameworksBuildPhase section */
		18D884CC2C4BF4E700BAAD45 /* Frameworks */ = {
			isa = PBXFrameworksBuildPhase;
			buildActionMask = 2147483647;
			files = (
			);
			runOnlyForDeploymentPostprocessing = 0;
		};
		18D884E52C4BF4EA00BAAD45 /* Frameworks */ = {
			isa = PBXFrameworksBuildPhase;
			buildActionMask = 2147483647;
			files = (
			);
			runOnlyForDeploymentPostprocessing = 0;
		};
		18D884EF2C4BF4EA00BAAD45 /* Frameworks */ = {
			isa = PBXFrameworksBuildPhase;
			buildActionMask = 2147483647;
			files = (
			);
			runOnlyForDeploymentPostprocessing = 0;
		};
/* End PBXFrameworksBuildPhase section */

/* Begin PBXGroup section */
		18D884C62C4BF4E700BAAD45 = {
			isa = PBXGroup;
			children = (
				18D884D12C4BF4E700BAAD45 /* myAPI */,
				18D884EB2C4BF4EA00BAAD45 /* myAPITests */,
				18D884F52C4BF4EA00BAAD45 /* myAPIUITests */,
				18D884D02C4BF4E700BAAD45 /* Products */,
			);
			sourceTree = "<group>";
		};
		18D884D02C4BF4E700BAAD45 /* Products */ = {
			isa = PBXGroup;
			children = (
				18D884CF2C4BF4E700BAAD45 /* myAPI.app */,
				18D884E82C4BF4EA00BAAD45 /* myAPITests.xctest */,
				18D884F22C4BF4EA00BAAD45 /* myAPIUITests.xctest */,
			);
			name = Products;
			sourceTree = "<group>";
		};
		18D884D12C4BF4E700BAAD45 /* myAPI */ = {
			isa = PBXGroup;
			children = (
				18D884D22C4BF4E700BAAD45 /* AppDelegate.swift */,
				18D884D42C4BF4E700BAAD45 /* SceneDelegate.swift */,
				18D884D62C4BF4E700BAAD45 /* ViewController.swift */,
				18D885052C4C0B3200BAAD45 /* SecondViewController.swift */,
				18D884D82C4BF4E700BAAD45 /* Main.storyboard */,
				18D884DE2C4BF4E900BAAD45 /* Assets.xcassets */,
				18D884E02C4BF4E900BAAD45 /* LaunchScreen.storyboard */,
				18D884E32C4BF4E900BAAD45 /* Info.plist */,
				18D884DB2C4BF4E700BAAD45 /* myAPI.xcdatamodeld */,
				18D885072C4CE68A00BAAD45 /* ModalFile.swift */,
			);
			path = myAPI;
			sourceTree = "<group>";
		};
		18D884EB2C4BF4EA00BAAD45 /* myAPITests */ = {
			isa = PBXGroup;
			children = (
				18D884EC2C4BF4EA00BAAD45 /* myAPITests.swift */,
			);
			path = myAPITests;
			sourceTree = "<group>";
		};
		18D884F52C4BF4EA00BAAD45 /* myAPIUITests */ = {
			isa = PBXGroup;
			children = (
				18D884F62C4BF4EA00BAAD45 /* myAPIUITests.swift */,
				18D884F82C4BF4EA00BAAD45 /* myAPIUITestsLaunchTests.swift */,
			);
			path = myAPIUITests;
			sourceTree = "<group>";
		};
/* End PBXGroup section */

/* Begin PBXNativeTarget section */
		18D884CE2C4BF4E700BAAD45 /* myAPI */ = {
			isa = PBXNativeTarget;
			buildConfigurationList = 18D884FC2C4BF4EA00BAAD45 /* Build configuration list for PBXNativeTarget "myAPI" */;
			buildPhases = (
				18D884CB2C4BF4E700BAAD45 /* Sources */,
				18D884CC2C4BF4E700BAAD45 /* Frameworks */,
				18D884CD2C4BF4E700BAAD45 /* Resources */,
			);
			buildRules = (
			);
			dependencies = (
			);
			name = myAPI;
			productName = myAPI;
			productReference = 18D884CF2C4BF4E700BAAD45 /* myAPI.app */;
			productType = "com.apple.product-type.application";
		};
		18D884E72C4BF4EA00BAAD45 /* myAPITests */ = {
			isa = PBXNativeTarget;
			buildConfigurationList = 18D884FF2C4BF4EA00BAAD45 /* Build configuration list for PBXNativeTarget "myAPITests" */;
			buildPhases = (
				18D884E42C4BF4EA00BAAD45 /* Sources */,
				18D884E52C4BF4EA00BAAD45 /* Frameworks */,
				18D884E62C4BF4EA00BAAD45 /* Resources */,
			);
			buildRules = (
			);
			dependencies = (
				18D884EA2C4BF4EA00BAAD45 /* PBXTargetDependency */,
			);
			name = myAPITests;
			productName = myAPITests;
			productReference = 18D884E82C4BF4EA00BAAD45 /* myAPITests.xctest */;
			productType = "com.apple.product-type.bundle.unit-test";
		};
		18D884F12C4BF4EA00BAAD45 /* myAPIUITests */ = {
			isa = PBXNativeTarget;
			buildConfigurationList = 18D885022C4BF4EA00BAAD45 /* Build configuration list for PBXNativeTarget "myAPIUITests" */;
			buildPhases = (
				18D884EE2C4BF4EA00BAAD45 /* Sources */,
				18D884EF2C4BF4EA00BAAD45 /* Frameworks */,
				18D884F02C4BF4EA00BAAD45 /* Resources */,
			);
			buildRules = (
			);
			dependencies = (
				18D884F42C4BF4EA00BAAD45 /* PBXTargetDependency */,
			);
			name = myAPIUITests;
			productName = myAPIUITests;
			productReference = 18D884F22C4BF4EA00BAAD45 /* myAPIUITests.xctest */;
			productType = "com.apple.product-type.bundle.ui-testing";
		};
/* End PBXNativeTarget section */

/* Begin PBXProject section */
		18D884C72C4BF4E700BAAD45 /* Project object */ = {
			isa = PBXProject;
			attributes = {
				BuildIndependentTargetsInParallel = 1;
				LastSwiftUpdateCheck = 1400;
				LastUpgradeCheck = 1400;
				TargetAttributes = {
					18D884CE2C4BF4E700BAAD45 = {
						CreatedOnToolsVersion = 14.0.1;
					};
					18D884E72C4BF4EA00BAAD45 = {
						CreatedOnToolsVersion = 14.0.1;
						TestTargetID = 18D884CE2C4BF4E700BAAD45;
					};
					18D884F12C4BF4EA00BAAD45 = {
						CreatedOnToolsVersion = 14.0.1;
						TestTargetID = 18D884CE2C4BF4E700BAAD45;
					};
				};
			};
			buildConfigurationList = 18D884CA2C4BF4E700BAAD45 /* Build configuration list for PBXProject "myAPI" */;
			compatibilityVersion = "Xcode 14.0";
			developmentRegion = en;
			hasScannedForEncodings = 0;
			knownRegions = (
				en,
				Base,
			);
			mainGroup = 18D884C62C4BF4E700BAAD45;
			productRefGroup = 18D884D02C4BF4E700BAAD45 /* Products */;
			projectDirPath = "";
			projectRoot = "";
			targets = (
				18D884CE2C4BF4E700BAAD45 /* myAPI */,
				18D884E72C4BF4EA00BAAD45 /* myAPITests */,
				18D884F12C4BF4EA00BAAD45 /* myAPIUITests */,
			);
		};
/* End PBXProject section */

/* Begin PBXResourcesBuildPhase section */
		18D884CD2C4BF4E700BAAD45 /* Resources */ = {
			isa = PBXResourcesBuildPhase;
			buildActionMask = 2147483647;
			files = (
				18D884E22C4BF4E900BAAD45 /* LaunchScreen.storyboard in Resources */,
				18D884DF2C4BF4E900BAAD45 /* Assets.xcassets in Resources */,
				18D884DA2C4BF4E700BAAD45 /* Main.storyboard in Resources */,
			);
			runOnlyForDeploymentPostprocessing = 0;
		};
		18D884E62C4BF4EA00BAAD45 /* Resources */ = {
			isa = PBXResourcesBuildPhase;
			buildActionMask = 2147483647;
			files = (
			);
			runOnlyForDeploymentPostprocessing = 0;
		};
		18D884F02C4BF4EA00BAAD45 /* Resources */ = {
			isa = PBXResourcesBuildPhase;
			buildActionMask = 2147483647;
			files = (
			);
			runOnlyForDeploymentPostprocessing = 0;
		};
/* End PBXResourcesBuildPhase section */

/* Begin PBXSourcesBuildPhase section */
		18D884CB2C4BF4E700BAAD45 /* Sources */ = {
			isa = PBXSourcesBuildPhase;
			buildActionMask = 2147483647;
			files = (
				18D884D72C4BF4E700BAAD45 /* ViewController.swift in Sources */,
				18D884D32C4BF4E700BAAD45 /* AppDelegate.swift in Sources */,
				18D884DD2C4BF4E700BAAD45 /* myAPI.xcdatamodeld in Sources */,
				18D885062C4C0B3200BAAD45 /* SecondViewController.swift in Sources */,
				18D884D52C4BF4E700BAAD45 /* SceneDelegate.swift in Sources */,
				18D885082C4CE68A00BAAD45 /* ModalFile.swift in Sources */,
			);
			runOnlyForDeploymentPostprocessing = 0;
		};
		18D884E42C4BF4EA00BAAD45 /* Sources */ = {
			isa = PBXSourcesBuildPhase;
			buildActionMask = 2147483647;
			files = (
				18D884ED2C4BF4EA00BAAD45 /* myAPITests.swift in Sources */,
			);
			runOnlyForDeploymentPostprocessing = 0;
		};
		18D884EE2C4BF4EA00BAAD45 /* Sources */ = {
			isa = PBXSourcesBuildPhase;
			buildActionMask = 2147483647;
			files = (
				18D884F72C4BF4EA00BAAD45 /* myAPIUITests.swift in Sources */,
				18D884F92C4BF4EA00BAAD45 /* myAPIUITestsLaunchTests.swift in Sources */,
			);
			runOnlyForDeploymentPostprocessing = 0;
		};
/* End PBXSourcesBuildPhase section */

/* Begin PBXTargetDependency section */
		18D884EA2C4BF4EA00BAAD45 /* PBXTargetDependency */ = {
			isa = PBXTargetDependency;
			target = 18D884CE2C4BF4E700BAAD45 /* myAPI */;
			targetProxy = 18D884E92C4BF4EA00BAAD45 /* PBXContainerItemProxy */;
		};
		18D884F42C4BF4EA00BAAD45 /* PBXTargetDependency */ = {
			isa = PBXTargetDependency;
			target = 18D884CE2C4BF4E700BAAD45 /* myAPI */;
			targetProxy = 18D884F32C4BF4EA00BAAD45 /* PBXContainerItemProxy */;
		};
/* End PBXTargetDependency section */

/* Begin PBXVariantGroup section */
		18D884D82C4BF4E700BAAD45 /* Main.storyboard */ = {
			isa = PBXVariantGroup;
			children = (
				18D884D92C4BF4E700BAAD45 /* Base */,
			);
			name = Main.storyboard;
			sourceTree = "<group>";
		};
		18D884E02C4BF4E900BAAD45 /* LaunchScreen.storyboard */ = {
			isa = PBXVariantGroup;
			children = (
				18D884E12C4BF4E900BAAD45 /* Base */,
			);
			name = LaunchScreen.storyboard;
			sourceTree = "<group>";
		};
/* End PBXVariantGroup section */

/* Begin XCBuildConfiguration section */
		18D884FA2C4BF4EA00BAAD45 /* Debug */ = {
			isa = XCBuildConfiguration;
			buildSettings = {
				ALWAYS_SEARCH_USER_PATHS = NO;
				CLANG_ANALYZER_NONNULL = YES;
				CLANG_ANALYZER_NUMBER_OBJECT_CONVERSION = YES_AGGRESSIVE;
				CLANG_CXX_LANGUAGE_STANDARD = "gnu++20";
				CLANG_ENABLE_MODULES = YES;
				CLANG_ENABLE_OBJC_ARC = YES;
				CLANG_ENABLE_OBJC_WEAK = YES;
				CLANG_WARN_BLOCK_CAPTURE_AUTORELEASING = YES;
				CLANG_WARN_BOOL_CONVERSION = YES;
				CLANG_WARN_COMMA = YES;
				CLANG_WARN_CONSTANT_CONVERSION = YES;
				CLANG_WARN_DEPRECATED_OBJC_IMPLEMENTATIONS = YES;
				CLANG_WARN_DIRECT_OBJC_ISA_USAGE = YES_ERROR;
				CLANG_WARN_DOCUMENTATION_COMMENTS = YES;
				CLANG_WARN_EMPTY_BODY = YES;
				CLANG_WARN_ENUM_CONVERSION = YES;
				CLANG_WARN_INFINITE_RECURSION = YES;
				CLANG_WARN_INT_CONVERSION = YES;
				CLANG_WARN_NON_LITERAL_NULL_CONVERSION = YES;
				CLANG_WARN_OBJC_IMPLICIT_RETAIN_SELF = YES;
				CLANG_WARN_OBJC_LITERAL_CONVERSION = YES;
				CLANG_WARN_OBJC_ROOT_CLASS = YES_ERROR;
				CLANG_WARN_QUOTED_INCLUDE_IN_FRAMEWORK_HEADER = YES;
				CLANG_WARN_RANGE_LOOP_ANALYSIS = YES;
				CLANG_WARN_STRICT_PROTOTYPES = YES;
				CLANG_WARN_SUSPICIOUS_MOVE = YES;
				CLANG_WARN_UNGUARDED_AVAILABILITY = YES_AGGRESSIVE;
				CLANG_WARN_UNREACHABLE_CODE = YES;
				CLANG_WARN__DUPLICATE_METHOD_MATCH = YES;
				COPY_PHASE_STRIP = NO;
				DEBUG_INFORMATION_FORMAT = dwarf;
				ENABLE_STRICT_OBJC_MSGSEND = YES;
				ENABLE_TESTABILITY = YES;
				GCC_C_LANGUAGE_STANDARD = gnu11;
				GCC_DYNAMIC_NO_PIC = NO;
				GCC_NO_COMMON_BLOCKS = YES;
				GCC_OPTIMIZATION_LEVEL = 0;
				GCC_PREPROCESSOR_DEFINITIONS = (
					"DEBUG=1",
					"$(inherited)",
				);
				GCC_WARN_64_TO_32_BIT_CONVERSION = YES;
				GCC_WARN_ABOUT_RETURN_TYPE = YES_ERROR;
				GCC_WARN_UNDECLARED_SELECTOR = YES;
				GCC_WARN_UNINITIALIZED_AUTOS = YES_AGGRESSIVE;
				GCC_WARN_UNUSED_FUNCTION = YES;
				GCC_WARN_UNUSED_VARIABLE = YES;
				IPHONEOS_DEPLOYMENT_TARGET = 16.0;
				MTL_ENABLE_DEBUG_INFO = INCLUDE_SOURCE;
				MTL_FAST_MATH = YES;
				ONLY_ACTIVE_ARCH = YES;
				SDKROOT = iphoneos;
				SWIFT_ACTIVE_COMPILATION_CONDITIONS = DEBUG;
				SWIFT_OPTIMIZATION_LEVEL = "-Onone";
			};
			name = Debug;
		};
		18D884FB2C4BF4EA00BAAD45 /* Release */ = {
			isa = XCBuildConfiguration;
			buildSettings = {
				ALWAYS_SEARCH_USER_PATHS = NO;
				CLANG_ANALYZER_NONNULL = YES;
				CLANG_ANALYZER_NUMBER_OBJECT_CONVERSION = YES_AGGRESSIVE;
				CLANG_CXX_LANGUAGE_STANDARD = "gnu++20";
				CLANG_ENABLE_MODULES = YES;
				CLANG_ENABLE_OBJC_ARC = YES;
				CLANG_ENABLE_OBJC_WEAK = YES;
				CLANG_WARN_BLOCK_CAPTURE_AUTORELEASING = YES;
				CLANG_WARN_BOOL_CONVERSION = YES;
				CLANG_WARN_COMMA = YES;
				CLANG_WARN_CONSTANT_CONVERSION = YES;
				CLANG_WARN_DEPRECATED_OBJC_IMPLEMENTATIONS = YES;
				CLANG_WARN_DIRECT_OBJC_ISA_USAGE = YES_ERROR;
				CLANG_WARN_DOCUMENTATION_COMMENTS = YES;
				CLANG_WARN_EMPTY_BODY = YES;
				CLANG_WARN_ENUM_CONVERSION = YES;
				CLANG_WARN_INFINITE_RECURSION = YES;
				CLANG_WARN_INT_CONVERSION = YES;
				CLANG_WARN_NON_LITERAL_NULL_CONVERSION = YES;
				CLANG_WARN_OBJC_IMPLICIT_RETAIN_SELF = YES;
				CLANG_WARN_OBJC_LITERAL_CONVERSION = YES;
				CLANG_WARN_OBJC_ROOT_CLASS = YES_ERROR;
				CLANG_WARN_QUOTED_INCLUDE_IN_FRAMEWORK_HEADER = YES;
				CLANG_WARN_RANGE_LOOP_ANALYSIS = YES;
				CLANG_WARN_STRICT_PROTOTYPES = YES;
				CLANG_WARN_SUSPICIOUS_MOVE = YES;
				CLANG_WARN_UNGUARDED_AVAILABILITY = YES_AGGRESSIVE;
				CLANG_WARN_UNREACHABLE_CODE = YES;
				CLANG_WARN__DUPLICATE_METHOD_MATCH = YES;
				COPY_PHASE_STRIP = NO;
				DEBUG_INFORMATION_FORMAT = "dwarf-with-dsym";
				ENABLE_NS_ASSERTIONS = NO;
				ENABLE_STRICT_OBJC_MSGSEND = YES;
				GCC_C_LANGUAGE_STANDARD = gnu11;
				GCC_NO_COMMON_BLOCKS = YES;
				GCC_WARN_64_TO_32_BIT_CONVERSION = YES;
				GCC_WARN_ABOUT_RETURN_TYPE = YES_ERROR;
				GCC_WARN_UNDECLARED_SELECTOR = YES;
				GCC_WARN_UNINITIALIZED_AUTOS = YES_AGGRESSIVE;
				GCC_WARN_UNUSED_FUNCTION = YES;
				GCC_WARN_UNUSED_VARIABLE = YES;
				IPHONEOS_DEPLOYMENT_TARGET = 16.0;
				MTL_ENABLE_DEBUG_INFO = NO;
				MTL_FAST_MATH = YES;
				SDKROOT = iphoneos;
				SWIFT_COMPILATION_MODE = wholemodule;
				SWIFT_OPTIMIZATION_LEVEL = "-O";
				VALIDATE_PRODUCT = YES;
			};
			name = Release;
		};
		18D884FD2C4BF4EA00BAAD45 /* Debug */ = {
			isa = XCBuildConfiguration;
			buildSettings = {
				ASSETCATALOG_COMPILER_APPICON_NAME = AppIcon;
				ASSETCATALOG_COMPILER_GLOBAL_ACCENT_COLOR_NAME = AccentColor;
				CODE_SIGN_STYLE = Automatic;
				CURRENT_PROJECT_VERSION = 1;
				GENERATE_INFOPLIST_FILE = YES;
				INFOPLIST_FILE = myAPI/Info.plist;
				INFOPLIST_KEY_UIApplicationSupportsIndirectInputEvents = YES;
				INFOPLIST_KEY_UILaunchStoryboardName = LaunchScreen;
				INFOPLIST_KEY_UIMainStoryboardFile = Main;
				INFOPLIST_KEY_UISupportedInterfaceOrientations_iPad = "UIInterfaceOrientationPortrait UIInterfaceOrientationPortraitUpsideDown UIInterfaceOrientationLandscapeLeft UIInterfaceOrientationLandscapeRight";
				INFOPLIST_KEY_UISupportedInterfaceOrientations_iPhone = "UIInterfaceOrientationPortrait UIInterfaceOrientationLandscapeLeft UIInterfaceOrientationLandscapeRight";
				LD_RUNPATH_SEARCH_PATHS = (
					"$(inherited)",
					"@executable_path/Frameworks",
				);
				MARKETING_VERSION = 1.0;
				PRODUCT_BUNDLE_IDENTIFIER = com.sample.myAPI;
				PRODUCT_NAME = "$(TARGET_NAME)";
				SWIFT_EMIT_LOC_STRINGS = YES;
				SWIFT_VERSION = 5.0;
				TARGETED_DEVICE_FAMILY = "1,2";
			};
			name = Debug;
		};
		18D884FE2C4BF4EA00BAAD45 /* Release */ = {
			isa = XCBuildConfiguration;
			buildSettings = {
				ASSETCATALOG_COMPILER_APPICON_NAME = AppIcon;
				ASSETCATALOG_COMPILER_GLOBAL_ACCENT_COLOR_NAME = AccentColor;
				CODE_SIGN_STYLE = Automatic;
				CURRENT_PROJECT_VERSION = 1;
				GENERATE_INFOPLIST_FILE = YES;
				INFOPLIST_FILE = myAPI/Info.plist;
				INFOPLIST_KEY_UIApplicationSupportsIndirectInputEvents = YES;
				INFOPLIST_KEY_UILaunchStoryboardName = LaunchScreen;
				INFOPLIST_KEY_UIMainStoryboardFile = Main;
				INFOPLIST_KEY_UISupportedInterfaceOrientations_iPad = "UIInterfaceOrientationPortrait UIInterfaceOrientationPortraitUpsideDown UIInterfaceOrientationLandscapeLeft UIInterfaceOrientationLandscapeRight";
				INFOPLIST_KEY_UISupportedInterfaceOrientations_iPhone = "UIInterfaceOrientationPortrait UIInterfaceOrientationLandscapeLeft UIInterfaceOrientationLandscapeRight";
				LD_RUNPATH_SEARCH_PATHS = (
					"$(inherited)",
					"@executable_path/Frameworks",
				);
				MARKETING_VERSION = 1.0;
				PRODUCT_BUNDLE_IDENTIFIER = com.sample.myAPI;
				PRODUCT_NAME = "$(TARGET_NAME)";
				SWIFT_EMIT_LOC_STRINGS = YES;
				SWIFT_VERSION = 5.0;
				TARGETED_DEVICE_FAMILY = "1,2";
			};
			name = Release;
		};
		18D885002C4BF4EA00BAAD45 /* Debug */ = {
			isa = XCBuildConfiguration;
			buildSettings = {
				ALWAYS_EMBED_SWIFT_STANDARD_LIBRARIES = YES;
				BUNDLE_LOADER = "$(TEST_HOST)";
				CODE_SIGN_STYLE = Automatic;
				CURRENT_PROJECT_VERSION = 1;
				GENERATE_INFOPLIST_FILE = YES;
				IPHONEOS_DEPLOYMENT_TARGET = 16.0;
				MARKETING_VERSION = 1.0;
				PRODUCT_BUNDLE_IDENTIFIER = com.sample.myAPITests;
				PRODUCT_NAME = "$(TARGET_NAME)";
				SWIFT_EMIT_LOC_STRINGS = NO;
				SWIFT_VERSION = 5.0;
				TARGETED_DEVICE_FAMILY = "1,2";
				TEST_HOST = "$(BUILT_PRODUCTS_DIR)/myAPI.app/$(BUNDLE_EXECUTABLE_FOLDER_PATH)/myAPI";
			};
			name = Debug;
		};
		18D885012C4BF4EA00BAAD45 /* Release */ = {
			isa = XCBuildConfiguration;
			buildSettings = {
				ALWAYS_EMBED_SWIFT_STANDARD_LIBRARIES = YES;
				BUNDLE_LOADER = "$(TEST_HOST)";
				CODE_SIGN_STYLE = Automatic;
				CURRENT_PROJECT_VERSION = 1;
				GENERATE_INFOPLIST_FILE = YES;
				IPHONEOS_DEPLOYMENT_TARGET = 16.0;
				MARKETING_VERSION = 1.0;
				PRODUCT_BUNDLE_IDENTIFIER = com.sample.myAPITests;
				PRODUCT_NAME = "$(TARGET_NAME)";
				SWIFT_EMIT_LOC_STRINGS = NO;
				SWIFT_VERSION = 5.0;
				TARGETED_DEVICE_FAMILY = "1,2";
				TEST_HOST = "$(BUILT_PRODUCTS_DIR)/myAPI.app/$(BUNDLE_EXECUTABLE_FOLDER_PATH)/myAPI";
			};
			name = Release;
		};
		18D885032C4BF4EA00BAAD45 /* Debug */ = {
			isa = XCBuildConfiguration;
			buildSettings = {
				ALWAYS_EMBED_SWIFT_STANDARD_LIBRARIES = YES;
				CODE_SIGN_STYLE = Automatic;
				CURRENT_PROJECT_VERSION = 1;
				GENERATE_INFOPLIST_FILE = YES;
				MARKETING_VERSION = 1.0;
				PRODUCT_BUNDLE_IDENTIFIER = com.sample.myAPIUITests;
				PRODUCT_NAME = "$(TARGET_NAME)";
				SWIFT_EMIT_LOC_STRINGS = NO;
				SWIFT_VERSION = 5.0;
				TARGETED_DEVICE_FAMILY = "1,2";
				TEST_TARGET_NAME = myAPI;
			};
			name = Debug;
		};
		18D885042C4BF4EA00BAAD45 /* Release */ = {
			isa = XCBuildConfiguration;
			buildSettings = {
				ALWAYS_EMBED_SWIFT_STANDARD_LIBRARIES = YES;
				CODE_SIGN_STYLE = Automatic;
				CURRENT_PROJECT_VERSION = 1;
				GENERATE_INFOPLIST_FILE = YES;
				MARKETING_VERSION = 1.0;
				PRODUCT_BUNDLE_IDENTIFIER = com.sample.myAPIUITests;
				PRODUCT_NAME = "$(TARGET_NAME)";
				SWIFT_EMIT_LOC_STRINGS = NO;
				SWIFT_VERSION = 5.0;
				TARGETED_DEVICE_FAMILY = "1,2";
				TEST_TARGET_NAME = myAPI;
			};
			name = Release;
		};
/* End XCBuildConfiguration section */

/* Begin XCConfigurationList section */
		18D884CA2C4BF4E700BAAD45 /* Build configuration list for PBXProject "myAPI" */ = {
			isa = XCConfigurationList;
			buildConfigurations = (
				18D884FA2C4BF4EA00BAAD45 /* Debug */,
				18D884FB2C4BF4EA00BAAD45 /* Release */,
			);
			defaultConfigurationIsVisible = 0;
			defaultConfigurationName = Release;
		};
		18D884FC2C4BF4EA00BAAD45 /* Build configuration list for PBXNativeTarget "myAPI" */ = {
			isa = XCConfigurationList;
			buildConfigurations = (
				18D884FD2C4BF4EA00BAAD45 /* Debug */,
				18D884FE2C4BF4EA00BAAD45 /* Release */,
			);
			defaultConfigurationIsVisible = 0;
			defaultConfigurationName = Release;
		};
		18D884FF2C4BF4EA00BAAD45 /* Build configuration list for PBXNativeTarget "myAPITests" */ = {
			isa = XCConfigurationList;
			buildConfigurations = (
				18D885002C4BF4EA00BAAD45 /* Debug */,
				18D885012C4BF4EA00BAAD45 /* Release */,
			);
			defaultConfigurationIsVisible = 0;
			defaultConfigurationName = Release;
		};
		18D885022C4BF4EA00BAAD45 /* Build configuration list for PBXNativeTarget "myAPIUITests" */ = {
			isa = XCConfigurationList;
			buildConfigurations = (
				18D885032C4BF4EA00BAAD45 /* Debug */,
				18D885042C4BF4EA00BAAD45 /* Release */,
			);
			defaultConfigurationIsVisible = 0;
			defaultConfigurationName = Release;
		};
/* End XCConfigurationList section */

/* Begin XCVersionGroup section */
		18D884DB2C4BF4E700BAAD45 /* myAPI.xcdatamodeld */ = {
			isa = XCVersionGroup;
			children = (
				18D884DC2C4BF4E700BAAD45 /* myAPI.xcdatamodel */,
			);
			currentVersion = 18D884DC2C4BF4E700BAAD45 /* myAPI.xcdatamodel */;
			path = myAPI.xcdatamodeld;
			sourceTree = "<group>";
			versionGroupType = wrapper.xcdatamodel;
		};
/* End XCVersionGroup section */
	};
	rootObject = 18D884C72C4BF4E700BAAD45 /* Project object */;
}
